
Microsoft Visual Studio Solution File, Format Version 12.00
# Visual Studio Version 16
VisualStudioVersion = 16.0.30523.141
MinimumVisualStudioVersion = 10.0.40219.1
Project("{FAE04EC0-301F-11D3-BF4B-00C04F79EFBC}") = "Automobili", "Automobili\Automobili.csproj", "{957AB343-D885-4053-BE8B-0598747F7803}"
EndProject
Project("{FAE04EC0-301F-11D3-BF4B-00C04F79EFBC}") = "DataLayer", "DataLayer\DataLayer.csproj", "{EDD62AC0-BCB7-475A-9189-737AEE9D20CD}"
EndProject
Project("{FAE04EC0-301F-11D3-BF4B-00C04F79EFBC}") = "BusinessLayer", "BusinessLayer\BusinessLayer.csproj", "{1978B1FC-E7CB-41D1-AFA6-457AFB241E06}"
EndProject
Global
	GlobalSection(SolutionConfigurationPlatforms) = preSolution
		Debug|Any CPU = Debug|Any CPU
		Release|Any CPU = Release|Any CPU
	EndGlobalSection
	GlobalSection(ProjectConfigurationPlatforms) = postSolution
		{957AB343-D885-4053-BE8B-0598747F7803}.Debug|Any CPU.ActiveCfg = Debug|Any CPU
		{957AB343-D885-4053-BE8B-0598747F7803}.Debug|Any CPU.Build.0 = Debug|Any CPU
		{957AB343-D885-4053-BE8B-0598747F7803}.Release|Any CPU.ActiveCfg = Release|Any CPU
		{957AB343-D885-4053-BE8B-0598747F7803}.Release|Any CPU.Build.0 = Release|Any CPU
		{EDD62AC0-BCB7-475A-9189-737AEE9D20CD}.Debug|Any CPU.ActiveCfg = Debug|Any CPU
		{EDD62AC0-BCB7-475A-9189-737AEE9D20CD}.Debug|Any CPU.Build.0 = Debug|Any CPU
		{EDD62AC0-BCB7-475A-9189-737AEE9D20CD}.Release|Any CPU.ActiveCfg = Release|Any CPU
		{EDD62AC0-BCB7-475A-9189-737AEE9D20CD}.Release|Any CPU.Build.0 = Release|Any CPU
		{1978B1FC-E7CB-41D1-AFA6-457AFB241E06}.Debug|Any CPU.ActiveCfg = Debug|Any CPU
		{1978B1FC-E7CB-41D1-AFA6-457AFB241E06}.Debug|Any CPU.Build.0 = Debug|Any CPU
		{1978B1FC-E7CB-41D1-AFA6-457AFB241E06}.Release|Any CPU.ActiveCfg = Release|Any CPU
		{1978B1FC-E7CB-41D1-AFA6-457AFB241E06}.Release|Any CPU.Build.0 = Release|Any CPU
	EndGlobalSection
	GlobalSection(SolutionProperties) = preSolution
		HideSolutionNode = FALSE
	EndGlobalSection
	GlobalSection(ExtensibilityGlobals) = postSolution
		SolutionGuid = {52E68BA6-36F2-45B4-9EC7-B8A939C71671}
	EndGlobalSection
EndGlobal
